<?xml version="1.0" encoding="utf-8"?>
<Project ToolsVersion="4.0" xmlns="http://schemas.microsoft.com/developer/msbuild/2003">
  <ItemGroup>
    <Filter Include="源文件">
      <UniqueIdentifier>{4FC737F1-C7A5-4376-A066-2A32D752A2FF}</UniqueIdentifier>
      <Extensions>cpp;c;cc;cxx;def;odl;idl;hpj;bat;asm;asmx</Extensions>
    </Filter>
    <Filter Include="头文件">
      <UniqueIdentifier>{93995380-89BD-4b04-88EB-625FBE52EBFB}</UniqueIdentifier>
      <Extensions>h;hh;hpp;hxx;hm;inl;inc;xsd</Extensions>
    </Filter>
    <Filter Include="资源文件">
      <UniqueIdentifier>{67DA6AB6-F800-4c08-8B7A-83BB121AAD01}</UniqueIdentifier>
      <Extensions>rc;ico;cur;bmp;dlg;rc2;rct;bin;rgs;gif;jpg;jpeg;jpe;resx;tiff;tif;png;wav;mfcribbon-ms</Extensions>
    </Filter>
    <Filter Include="头文件\Plane">
      <UniqueIdentifier>{80b06445-16c3-44f8-a5e8-b3ac9c078882}</UniqueIdentifier>
    </Filter>
    <Filter Include="头文件\System">
      <UniqueIdentifier>{049a3442-764e-4ab8-b0ec-bd9a076bb615}</UniqueIdentifier>
    </Filter>
    <Filter Include="源文件\System">
      <UniqueIdentifier>{e740a556-8bc5-4e3c-9028-55c9bb06a2a6}</UniqueIdentifier>
    </Filter>
    <Filter Include="源文件\Plane">
      <UniqueIdentifier>{b1a3e5fd-7a8e-4424-b957-a1342d15c464}</UniqueIdentifier>
    </Filter>
  </ItemGroup>
  <ItemGroup>
    <Text Include="ReadMe.txt" />
  </ItemGroup>
  <ItemGroup>
    <ClInclude Include="MFCApplication3.h">
      <Filter>头文件</Filter>
    </ClInclude>
    <ClInclude Include="stdafx.h">
      <Filter>头文件</Filter>
    </ClInclude>
    <ClInclude Include="targetver.h">
      <Filter>头文件</Filter>
    </ClInclude>
    <ClInclude Include="MainFrm.h">
      <Filter>头文件</Filter>
    </ClInclude>
    <ClInclude Include="MFCApplication3Doc.h">
      <Filter>头文件</Filter>
    </ClInclude>
    <ClInclude Include="MFCApplication3View.h">
      <Filter>头文件</Filter>
    </ClInclude>
    <ClInclude Include="Resource.h">
      <Filter>头文件</Filter>
    </ClInclude>
    <ClInclude Include="PlaneBase.h">
      <Filter>头文件\Plane</Filter>
    </ClInclude>
    <ClInclude Include="PlaneSelf.h">
      <Filter>头文件\Plane</Filter>
    </ClInclude>
    <ClInclude Include="Background.h">
      <Filter>头文件\System</Filter>
    </ClInclude>
    <ClInclude Include="BulletGeneral.h">
      <Filter>头文件</Filter>
    </ClInclude>
    <ClInclude Include="Animation.h">
      <Filter>头文件\System</Filter>
    </ClInclude>
    <ClInclude Include="FlyingObject.h">
      <Filter>头文件\System</Filter>
    </ClInclude>
    <ClInclude Include="PlaneEmenyGeneral.h">
      <Filter>头文件\Plane</Filter>
    </ClInclude>
    <ClInclude Include="Explosion.h">
      <Filter>头文件\System</Filter>
    </ClInclude>
    <ClInclude Include="json.hpp">
      <Filter>头文件</Filter>
    </ClInclude>
    <ClInclude Include="Equation.h">
      <Filter>头文件\System</Filter>
    </ClInclude>
    <ClInclude Include="exprtk.hpp">
      <Filter>头文件</Filter>
    </ClInclude>
  </ItemGroup>
  <ItemGroup>
    <ClCompile Include="MFCApplication3.cpp">
      <Filter>源文件</Filter>
    </ClCompile>
    <ClCompile Include="stdafx.cpp">
      <Filter>源文件</Filter>
    </ClCompile>
    <ClCompile Include="MainFrm.cpp">
      <Filter>源文件</Filter>
    </ClCompile>
    <ClCompile Include="MFCApplication3Doc.cpp">
      <Filter>源文件</Filter>
    </ClCompile>
    <ClCompile Include="MFCApplication3View.cpp">
      <Filter>源文件</Filter>
    </ClCompile>
    <ClCompile Include="BulletGeneral.cpp">
      <Filter>源文件</Filter>
    </ClCompile>
    <ClCompile Include="Animation.cpp">
      <Filter>源文件\System</Filter>
    </ClCompile>
    <ClCompile Include="Background.cpp">
      <Filter>源文件\System</Filter>
    </ClCompile>
    <ClCompile Include="FlyingObject.cpp">
      <Filter>源文件\System</Filter>
    </ClCompile>
    <ClCompile Include="PlaneBase.cpp">
      <Filter>源文件\Plane</Filter>
    </ClCompile>
    <ClCompile Include="PlaneEmenyGeneral.cpp">
      <Filter>源文件\Plane</Filter>
    </ClCompile>
    <ClCompile Include="PlaneSelf.cpp">
      <Filter>源文件\Plane</Filter>
    </ClCompile>
  </ItemGroup>
  <ItemGroup>
    <ResourceCompile Include="MFCApplication3.rc">
      <Filter>资源文件</Filter>
    </ResourceCompile>
  </ItemGroup>
  <ItemGroup>
    <None Include="res\MFCApplication3.rc2">
      <Filter>资源文件</Filter>
    </None>
    <None Include="ClassDiagram.cd" />
  </ItemGroup>
  <ItemGroup>
    <Image Include="res\MFCApplication3Doc.ico">
      <Filter>资源文件</Filter>
    </Image>
    <Image Include="res\MFCApplication3.ico">
      <Filter>资源文件</Filter>
    </Image>
    <Image Include="res\Toolbar.bmp">
      <Filter>资源文件</Filter>
    </Image>
    <Image Include="res\bitmap1.bmp">
      <Filter>资源文件</Filter>
    </Image>
    <Image Include="..\..\..\..\..\Desktop\p03-1.bmp">
      <Filter>资源文件</Filter>
    </Image>
  </ItemGroup>
</Project>